
Microsoft Visual Studio Solution File, Format Version 12.00
# Visual Studio Version 17
VisualStudioVersion = 17.9.34723.18
MinimumVisualStudioVersion = 10.0.40219.1
Project("{FAE04EC0-301F-11D3-BF4B-00C04F79EFBC}") = "TimeConverter", "TimeConverter\TimeConverter.csproj", "{769DEB68-6F95-41FC-9AD9-A51B827D790D}"
EndProject
Global
	GlobalSection(SolutionConfigurationPlatforms) = preSolution
		Debug|Any CPU = Debug|Any CPU
		Release|Any CPU = Release|Any CPU
	EndGlobalSection
	GlobalSection(ProjectConfigurationPlatforms) = postSolution
		{769DEB68-6F95-41FC-9AD9-A51B827D790D}.Debug|Any CPU.ActiveCfg = Debug|Any CPU
		{769DEB68-6F95-41FC-9AD9-A51B827D790D}.Debug|Any CPU.Build.0 = Debug|Any CPU
		{769DEB68-6F95-41FC-9AD9-A51B827D790D}.Release|Any CPU.ActiveCfg = Release|Any CPU
		{769DEB68-6F95-41FC-9AD9-A51B827D790D}.Release|Any CPU.Build.0 = Release|Any CPU
	EndGlobalSection
	GlobalSection(SolutionProperties) = preSolution
		HideSolutionNode = FALSE
	EndGlobalSection
	GlobalSection(ExtensibilityGlobals) = postSolution
		SolutionGuid = {0051EC0F-30D9-4507-9843-ED4C44D1FEDD}
	EndGlobalSection
EndGlobal
